// !$*UTF8*$!
{
	archiveVersion = 1;
	classes = {
	};
	objectVersion = 46;
	objects = {

/* Begin PBXBuildFile section */
		F3B5C63C1AD704D3003D4C0F /* main.cpp in Sources */ = {isa = PBXBuildFile; fileRef = F3B5C63B1AD704D3003D4C0F /* main.cpp */; };
		F3C245281AD71BBA007D7AA6 /* basics.cpp in Sources */ = {isa = PBXBuildFile; fileRef = F3C245201AD71BBA007D7AA6 /* basics.cpp */; };
		F3C245291AD71BBA007D7AA6 /* graph.cpp in Sources */ = {isa = PBXBuildFile; fileRef = F3C245211AD71BBA007D7AA6 /* graph.cpp */; };
		F3C2452A1AD71BBA007D7AA6 /* json_reader.cpp in Sources */ = {isa = PBXBuildFile; fileRef = F3C245221AD71BBA007D7AA6 /* json_reader.cpp */; };
		F3C2452B1AD71BBA007D7AA6 /* json_value.cpp in Sources */ = {isa = PBXBuildFile; fileRef = F3C245231AD71BBA007D7AA6 /* json_value.cpp */; };
		F3C2452C1AD71BBA007D7AA6 /* json_writer.cpp in Sources */ = {isa = PBXBuildFile; fileRef = F3C245241AD71BBA007D7AA6 /* json_writer.cpp */; };
		F3C2452D1AD71BBA007D7AA6 /* resource.cpp in Sources */ = {isa = PBXBuildFile; fileRef = F3C245251AD71BBA007D7AA6 /* resource.cpp */; };
		F3C2452E1AD71BBA007D7AA6 /* substrategraph.cpp in Sources */ = {isa = PBXBuildFile; fileRef = F3C245261AD71BBA007D7AA6 /* substrategraph.cpp */; };
/* End PBXBuildFile section */

/* Begin PBXCopyFilesBuildPhase section */
		F3B5C6361AD704D2003D4C0F /* CopyFiles */ = {
			isa = PBXCopyFilesBuildPhase;
			buildActionMask = 2147483647;
			dstPath = /usr/share/man/man1/;
			dstSubfolderSpec = 0;
			files = (
			);
			runOnlyForDeploymentPostprocessing = 1;
		};
/* End PBXCopyFilesBuildPhase section */

/* Begin PBXFileReference section */
		F3B5C6381AD704D2003D4C0F /* DCTopo */ = {isa = PBXFileReference; explicitFileType = "compiled.mach-o.executable"; includeInIndex = 0; path = DCTopo; sourceTree = BUILT_PRODUCTS_DIR; };
		F3B5C63B1AD704D3003D4C0F /* main.cpp */ = {isa = PBXFileReference; lastKnownFileType = sourcecode.cpp.cpp; path = main.cpp; sourceTree = "<group>"; };
		F3C2451A1AD71BBA007D7AA6 /* basics.h */ = {isa = PBXFileReference; fileEncoding = 4; lastKnownFileType = sourcecode.c.h; path = basics.h; sourceTree = "<group>"; };
		F3C2451B1AD71BBA007D7AA6 /* graph.h */ = {isa = PBXFileReference; fileEncoding = 4; lastKnownFileType = sourcecode.c.h; path = graph.h; sourceTree = "<group>"; };
		F3C2451C1AD71BBA007D7AA6 /* json_tool.h */ = {isa = PBXFileReference; fileEncoding = 4; lastKnownFileType = sourcecode.c.h; path = json_tool.h; sourceTree = "<group>"; };
		F3C2451D1AD71BBA007D7AA6 /* resource.h */ = {isa = PBXFileReference; fileEncoding = 4; lastKnownFileType = sourcecode.c.h; path = resource.h; sourceTree = "<group>"; };
		F3C2451E1AD71BBA007D7AA6 /* substrategraph.h */ = {isa = PBXFileReference; fileEncoding = 4; lastKnownFileType = sourcecode.c.h; path = substrategraph.h; sourceTree = "<group>"; };
		F3C2451F1AD71BBA007D7AA6 /* json_valueiterator.inl */ = {isa = PBXFileReference; fileEncoding = 4; lastKnownFileType = text; path = json_valueiterator.inl; sourceTree = "<group>"; };
		F3C245201AD71BBA007D7AA6 /* basics.cpp */ = {isa = PBXFileReference; fileEncoding = 4; lastKnownFileType = sourcecode.cpp.cpp; path = basics.cpp; sourceTree = "<group>"; };
		F3C245211AD71BBA007D7AA6 /* graph.cpp */ = {isa = PBXFileReference; fileEncoding = 4; lastKnownFileType = sourcecode.cpp.cpp; path = graph.cpp; sourceTree = "<group>"; };
		F3C245221AD71BBA007D7AA6 /* json_reader.cpp */ = {isa = PBXFileReference; fileEncoding = 4; lastKnownFileType = sourcecode.cpp.cpp; path = json_reader.cpp; sourceTree = "<group>"; };
		F3C245231AD71BBA007D7AA6 /* json_value.cpp */ = {isa = PBXFileReference; fileEncoding = 4; lastKnownFileType = sourcecode.cpp.cpp; path = json_value.cpp; sourceTree = "<group>"; };
		F3C245241AD71BBA007D7AA6 /* json_writer.cpp */ = {isa = PBXFileReference; fileEncoding = 4; lastKnownFileType = sourcecode.cpp.cpp; path = json_writer.cpp; sourceTree = "<group>"; };
		F3C245251AD71BBA007D7AA6 /* resource.cpp */ = {isa = PBXFileReference; fileEncoding = 4; lastKnownFileType = sourcecode.cpp.cpp; path = resource.cpp; sourceTree = "<group>"; };
		F3C245261AD71BBA007D7AA6 /* substrategraph.cpp */ = {isa = PBXFileReference; fileEncoding = 4; lastKnownFileType = sourcecode.cpp.cpp; path = substrategraph.cpp; sourceTree = "<group>"; };
		F3C245271AD71BBA007D7AA6 /* json */ = {isa = PBXFileReference; lastKnownFileType = folder; path = json; sourceTree = "<group>"; };
/* End PBXFileReference section */

/* Begin PBXFrameworksBuildPhase section */
		F3B5C6351AD704D2003D4C0F /* Frameworks */ = {
			isa = PBXFrameworksBuildPhase;
			buildActionMask = 2147483647;
			files = (
			);
			runOnlyForDeploymentPostprocessing = 0;
		};
/* End PBXFrameworksBuildPhase section */

/* Begin PBXGroup section */
		F3B5C62F1AD704D2003D4C0F = {
			isa = PBXGroup;
			children = (
				F3B5C63A1AD704D2003D4C0F /* DCTopo */,
				F3B5C6391AD704D2003D4C0F /* Products */,
			);
			sourceTree = "<group>";
		};
		F3B5C6391AD704D2003D4C0F /* Products */ = {
			isa = PBXGroup;
			children = (
				F3B5C6381AD704D2003D4C0F /* DCTopo */,
			);
			name = Products;
			sourceTree = "<group>";
		};
		F3B5C63A1AD704D2003D4C0F /* DCTopo */ = {
			isa = PBXGroup;
			children = (
				F3C2452F1AD71BD2007D7AA6 /* json */,
				F3C245271AD71BBA007D7AA6 /* json */,
				F3C2451A1AD71BBA007D7AA6 /* basics.h */,
				F3C2451B1AD71BBA007D7AA6 /* graph.h */,
				F3C2451D1AD71BBA007D7AA6 /* resource.h */,
				F3C2451E1AD71BBA007D7AA6 /* substrategraph.h */,
				F3C245201AD71BBA007D7AA6 /* basics.cpp */,
				F3C245211AD71BBA007D7AA6 /* graph.cpp */,
				F3C245251AD71BBA007D7AA6 /* resource.cpp */,
				F3C245261AD71BBA007D7AA6 /* substrategraph.cpp */,
				F3B5C63B1AD704D3003D4C0F /* main.cpp */,
			);
			path = DCTopo;
			sourceTree = "<group>";
		};
		F3C2452F1AD71BD2007D7AA6 /* json */ = {
			isa = PBXGroup;
			children = (
				F3C2451C1AD71BBA007D7AA6 /* json_tool.h */,
				F3C2451F1AD71BBA007D7AA6 /* json_valueiterator.inl */,
				F3C245221AD71BBA007D7AA6 /* json_reader.cpp */,
				F3C245231AD71BBA007D7AA6 /* json_value.cpp */,
				F3C245241AD71BBA007D7AA6 /* json_writer.cpp */,
			);
			name = json;
			sourceTree = "<group>";
		};
/* End PBXGroup section */

/* Begin PBXNativeTarget section */
		F3B5C6371AD704D2003D4C0F /* DCTopo */ = {
			isa = PBXNativeTarget;
			buildConfigurationList = F3B5C63F1AD704D3003D4C0F /* Build configuration list for PBXNativeTarget "DCTopo" */;
			buildPhases = (
				F3B5C6341AD704D2003D4C0F /* Sources */,
				F3B5C6351AD704D2003D4C0F /* Frameworks */,
				F3B5C6361AD704D2003D4C0F /* CopyFiles */,
			);
			buildRules = (
			);
			dependencies = (
			);
			name = DCTopo;
			productName = DCTopo;
			productReference = F3B5C6381AD704D2003D4C0F /* DCTopo */;
			productType = "com.apple.product-type.tool";
		};
/* End PBXNativeTarget section */

/* Begin PBXProject section */
		F3B5C6301AD704D2003D4C0F /* Project object */ = {
			isa = PBXProject;
			attributes = {
				LastUpgradeCheck = 0630;
				ORGANIZATIONNAME = "Milad Ghaznavi";
				TargetAttributes = {
					F3B5C6371AD704D2003D4C0F = {
						CreatedOnToolsVersion = 6.3;
					};
				};
			};
			buildConfigurationList = F3B5C6331AD704D2003D4C0F /* Build configuration list for PBXProject "DCTopo" */;
			compatibilityVersion = "Xcode 3.2";
			developmentRegion = English;
			hasScannedForEncodings = 0;
			knownRegions = (
				en,
			);
			mainGroup = F3B5C62F1AD704D2003D4C0F;
			productRefGroup = F3B5C6391AD704D2003D4C0F /* Products */;
			projectDirPath = "";
			projectRoot = "";
			targets = (
				F3B5C6371AD704D2003D4C0F /* DCTopo */,
			);
		};
/* End PBXProject section */

/* Begin PBXSourcesBuildPhase section */
		F3B5C6341AD704D2003D4C0F /* Sources */ = {
			isa = PBXSourcesBuildPhase;
			buildActionMask = 2147483647;
			files = (
				F3C2452A1AD71BBA007D7AA6 /* json_reader.cpp in Sources */,
				F3C2452D1AD71BBA007D7AA6 /* resource.cpp in Sources */,
				F3C2452E1AD71BBA007D7AA6 /* substrategraph.cpp in Sources */,
				F3C245291AD71BBA007D7AA6 /* graph.cpp in Sources */,
				F3C2452B1AD71BBA007D7AA6 /* json_value.cpp in Sources */,
				F3C245281AD71BBA007D7AA6 /* basics.cpp in Sources */,
				F3C2452C1AD71BBA007D7AA6 /* json_writer.cpp in Sources */,
				F3B5C63C1AD704D3003D4C0F /* main.cpp in Sources */,
			);
			runOnlyForDeploymentPostprocessing = 0;
		};
/* End PBXSourcesBuildPhase section */

/* Begin XCBuildConfiguration section */
		F3B5C63D1AD704D3003D4C0F /* Debug */ = {
			isa = XCBuildConfiguration;
			buildSettings = {
				ALWAYS_SEARCH_USER_PATHS = NO;
				CLANG_CXX_LANGUAGE_STANDARD = "gnu++0x";
				CLANG_CXX_LIBRARY = "libc++";
				CLANG_ENABLE_MODULES = YES;
				CLANG_ENABLE_OBJC_ARC = YES;
				CLANG_WARN_BOOL_CONVERSION = YES;
				CLANG_WARN_CONSTANT_CONVERSION = YES;
				CLANG_WARN_DIRECT_OBJC_ISA_USAGE = YES_ERROR;
				CLANG_WARN_EMPTY_BODY = YES;
				CLANG_WARN_ENUM_CONVERSION = YES;
				CLANG_WARN_INT_CONVERSION = YES;
				CLANG_WARN_OBJC_ROOT_CLASS = YES_ERROR;
				CLANG_WARN_UNREACHABLE_CODE = YES;
				CLANG_WARN__DUPLICATE_METHOD_MATCH = YES;
				COPY_PHASE_STRIP = NO;
				DEBUG_INFORMATION_FORMAT = dwarf;
				ENABLE_STRICT_OBJC_MSGSEND = YES;
				GCC_C_LANGUAGE_STANDARD = gnu99;
				GCC_DYNAMIC_NO_PIC = NO;
				GCC_NO_COMMON_BLOCKS = YES;
				GCC_OPTIMIZATION_LEVEL = 0;
				GCC_PREPROCESSOR_DEFINITIONS = (
					"DEBUG=1",
					"$(inherited)",
				);
				GCC_SYMBOLS_PRIVATE_EXTERN = NO;
				GCC_WARN_64_TO_32_BIT_CONVERSION = YES;
				GCC_WARN_ABOUT_RETURN_TYPE = YES_ERROR;
				GCC_WARN_UNDECLARED_SELECTOR = YES;
				GCC_WARN_UNINITIALIZED_AUTOS = YES_AGGRESSIVE;
				GCC_WARN_UNUSED_FUNCTION = YES;
				GCC_WARN_UNUSED_VARIABLE = YES;
				MACOSX_DEPLOYMENT_TARGET = 10.10;
				MTL_ENABLE_DEBUG_INFO = YES;
				ONLY_ACTIVE_ARCH = YES;
				SDKROOT = macosx;
			};
			name = Debug;
		};
		F3B5C63E1AD704D3003D4C0F /* Release */ = {
			isa = XCBuildConfiguration;
			buildSettings = {
				ALWAYS_SEARCH_USER_PATHS = NO;
				CLANG_CXX_LANGUAGE_STANDARD = "gnu++0x";
				CLANG_CXX_LIBRARY = "libc++";
				CLANG_ENABLE_MODULES = YES;
				CLANG_ENABLE_OBJC_ARC = YES;
				CLANG_WARN_BOOL_CONVERSION = YES;
				CLANG_WARN_CONSTANT_CONVERSION = YES;
				CLANG_WARN_DIRECT_OBJC_ISA_USAGE = YES_ERROR;
				CLANG_WARN_EMPTY_BODY = YES;
				CLANG_WARN_ENUM_CONVERSION = YES;
				CLANG_WARN_INT_CONVERSION = YES;
				CLANG_WARN_OBJC_ROOT_CLASS = YES_ERROR;
				CLANG_WARN_UNREACHABLE_CODE = YES;
				CLANG_WARN__DUPLICATE_METHOD_MATCH = YES;
				COPY_PHASE_STRIP = NO;
				DEBUG_INFORMATION_FORMAT = "dwarf-with-dsym";
				ENABLE_NS_ASSERTIONS = NO;
				ENABLE_STRICT_OBJC_MSGSEND = YES;
				GCC_C_LANGUAGE_STANDARD = gnu99;
				GCC_NO_COMMON_BLOCKS = YES;
				GCC_WARN_64_TO_32_BIT_CONVERSION = YES;
				GCC_WARN_ABOUT_RETURN_TYPE = YES_ERROR;
				GCC_WARN_UNDECLARED_SELECTOR = YES;
				GCC_WARN_UNINITIALIZED_AUTOS = YES_AGGRESSIVE;
				GCC_WARN_UNUSED_FUNCTION = YES;
				GCC_WARN_UNUSED_VARIABLE = YES;
				MACOSX_DEPLOYMENT_TARGET = 10.10;
				MTL_ENABLE_DEBUG_INFO = NO;
				SDKROOT = macosx;
			};
			name = Release;
		};
		F3B5C6401AD704D3003D4C0F /* Debug */ = {
			isa = XCBuildConfiguration;
			buildSettings = {
				PRODUCT_NAME = "$(TARGET_NAME)";
			};
			name = Debug;
		};
		F3B5C6411AD704D3003D4C0F /* Release */ = {
			isa = XCBuildConfiguration;
			buildSettings = {
				PRODUCT_NAME = "$(TARGET_NAME)";
			};
			name = Release;
		};
/* End XCBuildConfiguration section */

/* Begin XCConfigurationList section */
		F3B5C6331AD704D2003D4C0F /* Build configuration list for PBXProject "DCTopo" */ = {
			isa = XCConfigurationList;
			buildConfigurations = (
				F3B5C63D1AD704D3003D4C0F /* Debug */,
				F3B5C63E1AD704D3003D4C0F /* Release */,
			);
			defaultConfigurationIsVisible = 0;
			defaultConfigurationName = Release;
		};
		F3B5C63F1AD704D3003D4C0F /* Build configuration list for PBXNativeTarget "DCTopo" */ = {
			isa = XCConfigurationList;
			buildConfigurations = (
				F3B5C6401AD704D3003D4C0F /* Debug */,
				F3B5C6411AD704D3003D4C0F /* Release */,
			);
			defaultConfigurationIsVisible = 0;
			defaultConfigurationName = Release;
		};
/* End XCConfigurationList section */
	};
	rootObject = F3B5C6301AD704D2003D4C0F /* Project object */;
}
